
Microsoft Visual Studio Solution File, Format Version 12.00
# Visual Studio Express 14 for Windows Desktop
VisualStudioVersion = 14.0.25420.1
MinimumVisualStudioVersion = 10.0.40219.1
Project("{FAE04EC0-301F-11D3-BF4B-00C04F79EFBC}") = "Zoo Simulator", "Zoo Simulator\Zoo Simulator.csproj", "{E91ED6DC-0459-45CB-9147-8BD4DA05873A}"
EndProject
Global
	GlobalSection(SolutionConfigurationPlatforms) = preSolution
		Debug|Any CPU = Debug|Any CPU
		Release|Any CPU = Release|Any CPU
	EndGlobalSection
	GlobalSection(ProjectConfigurationPlatforms) = postSolution
		{E91ED6DC-0459-45CB-9147-8BD4DA05873A}.Debug|Any CPU.ActiveCfg = Debug|Any CPU
		{E91ED6DC-0459-45CB-9147-8BD4DA05873A}.Debug|Any CPU.Build.0 = Debug|Any CPU
		{E91ED6DC-0459-45CB-9147-8BD4DA05873A}.Release|Any CPU.ActiveCfg = Release|Any CPU
		{E91ED6DC-0459-45CB-9147-8BD4DA05873A}.Release|Any CPU.Build.0 = Release|Any CPU
	EndGlobalSection
	GlobalSection(SolutionProperties) = preSolution
		HideSolutionNode = FALSE
	EndGlobalSection
EndGlobal
